
Microsoft Visual Studio Solution File, Format Version 12.00
# Visual Studio Version 17
VisualStudioVersion = 17.8.34525.116
MinimumVisualStudioVersion = 10.0.40219.1
Project("{FAE04EC0-301F-11D3-BF4B-00C04F79EFBC}") = "BW_BE_S4_Ecommerce", "BW_BE_S4_Ecommerce\BW_BE_S4_Ecommerce.csproj", "{CA1CAC5E-FA96-46FE-96B5-291CD536D42A}"
EndProject
Global
	GlobalSection(SolutionConfigurationPlatforms) = preSolution
		Debug|Any CPU = Debug|Any CPU
		Release|Any CPU = Release|Any CPU
	EndGlobalSection
	GlobalSection(ProjectConfigurationPlatforms) = postSolution
		{CA1CAC5E-FA96-46FE-96B5-291CD536D42A}.Debug|Any CPU.ActiveCfg = Debug|Any CPU
		{CA1CAC5E-FA96-46FE-96B5-291CD536D42A}.Debug|Any CPU.Build.0 = Debug|Any CPU
		{CA1CAC5E-FA96-46FE-96B5-291CD536D42A}.Release|Any CPU.ActiveCfg = Release|Any CPU
		{CA1CAC5E-FA96-46FE-96B5-291CD536D42A}.Release|Any CPU.Build.0 = Release|Any CPU
	EndGlobalSection
	GlobalSection(SolutionProperties) = preSolution
		HideSolutionNode = FALSE
	EndGlobalSection
	GlobalSection(ExtensibilityGlobals) = postSolution
		SolutionGuid = {35F33B59-E6D6-48D9-99E1-A5A287219E6E}
	EndGlobalSection
EndGlobal
